// !$*UTF8*$!
{
	archiveVersion = 1;
	classes = {
	};
	objectVersion = 56;
	objects = {

/* Begin PBXBuildFile section */
		EFFEF08A29D9F9EC00B39499 /* MetalCircleApp.swift in Sources */ = {isa = PBXBuildFile; fileRef = EFFEF08929D9F9EC00B39499 /* MetalCircleApp.swift */; };
		EFFEF08C29D9F9EC00B39499 /* ContentView.swift in Sources */ = {isa = PBXBuildFile; fileRef = EFFEF08B29D9F9EC00B39499 /* ContentView.swift */; };
		EFFEF08E29D9F9ED00B39499 /* Assets.xcassets in Resources */ = {isa = PBXBuildFile; fileRef = EFFEF08D29D9F9ED00B39499 /* Assets.xcassets */; };
		EFFEF09129D9F9ED00B39499 /* Preview Assets.xcassets in Resources */ = {isa = PBXBuildFile; fileRef = EFFEF09029D9F9ED00B39499 /* Preview Assets.xcassets */; };
		EFFEF09829D9FA2700B39499 /* MetalCircleView.swift in Sources */ = {isa = PBXBuildFile; fileRef = EFFEF09729D9FA2700B39499 /* MetalCircleView.swift */; };
		EFFEF09D29DA175200B39499 /* CircleShaders.metal in Sources */ = {isa = PBXBuildFile; fileRef = EFFEF09C29DA175200B39499 /* CircleShaders.metal */; };
		EFFEF0A029DB87F800B39499 /* AudioVisualizer.swift in Sources */ = {isa = PBXBuildFile; fileRef = EFFEF09F29DB87F800B39499 /* AudioVisualizer.swift */; };
		EFFEF0A229DB891300B39499 /* breath_of_life_by_florence_and_the_machine.mp3 in Resources */ = {isa = PBXBuildFile; fileRef = EFFEF0A129DB891200B39499 /* breath_of_life_by_florence_and_the_machine.mp3 */; };
/* End PBXBuildFile section */

/* Begin PBXFileReference section */
		EFFEF08629D9F9EC00B39499 /* MetalCircle.app */ = {isa = PBXFileReference; explicitFileType = wrapper.application; includeInIndex = 0; path = MetalCircle.app; sourceTree = BUILT_PRODUCTS_DIR; };
		EFFEF08929D9F9EC00B39499 /* MetalCircleApp.swift */ = {isa = PBXFileReference; lastKnownFileType = sourcecode.swift; path = MetalCircleApp.swift; sourceTree = "<group>"; };
		EFFEF08B29D9F9EC00B39499 /* ContentView.swift */ = {isa = PBXFileReference; lastKnownFileType = sourcecode.swift; path = ContentView.swift; sourceTree = "<group>"; };
		EFFEF08D29D9F9ED00B39499 /* Assets.xcassets */ = {isa = PBXFileReference; lastKnownFileType = folder.assetcatalog; path = Assets.xcassets; sourceTree = "<group>"; };
		EFFEF09029D9F9ED00B39499 /* Preview Assets.xcassets */ = {isa = PBXFileReference; lastKnownFileType = folder.assetcatalog; path = "Preview Assets.xcassets"; sourceTree = "<group>"; };
		EFFEF09729D9FA2700B39499 /* MetalCircleView.swift */ = {isa = PBXFileReference; lastKnownFileType = sourcecode.swift; path = MetalCircleView.swift; sourceTree = "<group>"; };
		EFFEF09C29DA175200B39499 /* CircleShaders.metal */ = {isa = PBXFileReference; lastKnownFileType = sourcecode.metal; path = CircleShaders.metal; sourceTree = "<group>"; };
		EFFEF09E29DA199F00B39499 /* definitions.h */ = {isa = PBXFileReference; lastKnownFileType = sourcecode.c.h; path = definitions.h; sourceTree = "<group>"; };
		EFFEF09F29DB87F800B39499 /* AudioVisualizer.swift */ = {isa = PBXFileReference; lastKnownFileType = sourcecode.swift; path = AudioVisualizer.swift; sourceTree = "<group>"; };
		EFFEF0A129DB891200B39499 /* breath_of_life_by_florence_and_the_machine.mp3 */ = {isa = PBXFileReference; lastKnownFileType = audio.mp3; path = breath_of_life_by_florence_and_the_machine.mp3; sourceTree = "<group>"; };
/* End PBXFileReference section */

/* Begin PBXFrameworksBuildPhase section */
		EFFEF08329D9F9EC00B39499 /* Frameworks */ = {
			isa = PBXFrameworksBuildPhase;
			buildActionMask = 2147483647;
			files = (
			);
			runOnlyForDeploymentPostprocessing = 0;
		};
/* End PBXFrameworksBuildPhase section */

/* Begin PBXGroup section */
		EFFEF07D29D9F9EC00B39499 = {
			isa = PBXGroup;
			children = (
				EFFEF08829D9F9EC00B39499 /* MetalCircle */,
				EFFEF08729D9F9EC00B39499 /* Products */,
			);
			sourceTree = "<group>";
		};
		EFFEF08729D9F9EC00B39499 /* Products */ = {
			isa = PBXGroup;
			children = (
				EFFEF08629D9F9EC00B39499 /* MetalCircle.app */,
			);
			name = Products;
			sourceTree = "<group>";
		};
		EFFEF08829D9F9EC00B39499 /* MetalCircle */ = {
			isa = PBXGroup;
			children = (
				EFFEF0A129DB891200B39499 /* breath_of_life_by_florence_and_the_machine.mp3 */,
				EFFEF08929D9F9EC00B39499 /* MetalCircleApp.swift */,
				EFFEF09729D9FA2700B39499 /* MetalCircleView.swift */,
				EFFEF09F29DB87F800B39499 /* AudioVisualizer.swift */,
				EFFEF08B29D9F9EC00B39499 /* ContentView.swift */,
				EFFEF08D29D9F9ED00B39499 /* Assets.xcassets */,
				EFFEF08F29D9F9ED00B39499 /* Preview Content */,
				EFFEF09C29DA175200B39499 /* CircleShaders.metal */,
				EFFEF09E29DA199F00B39499 /* definitions.h */,
			);
			path = MetalCircle;
			sourceTree = "<group>";
		};
		EFFEF08F29D9F9ED00B39499 /* Preview Content */ = {
			isa = PBXGroup;
			children = (
				EFFEF09029D9F9ED00B39499 /* Preview Assets.xcassets */,
			);
			path = "Preview Content";
			sourceTree = "<group>";
		};
/* End PBXGroup section */

/* Begin PBXNativeTarget section */
		EFFEF08529D9F9EC00B39499 /* MetalCircle */ = {
			isa = PBXNativeTarget;
			buildConfigurationList = EFFEF09429D9F9ED00B39499 /* Build configuration list for PBXNativeTarget "MetalCircle" */;
			buildPhases = (
				EFFEF08229D9F9EC00B39499 /* Sources */,
				EFFEF08329D9F9EC00B39499 /* Frameworks */,
				EFFEF08429D9F9EC00B39499 /* Resources */,
			);
			buildRules = (
			);
			dependencies = (
			);
			name = MetalCircle;
			productName = MetalCircle;
			productReference = EFFEF08629D9F9EC00B39499 /* MetalCircle.app */;
			productType = "com.apple.product-type.application";
		};
/* End PBXNativeTarget section */

/* Begin PBXProject section */
		EFFEF07E29D9F9EC00B39499 /* Project object */ = {
			isa = PBXProject;
			attributes = {
				BuildIndependentTargetsInParallel = 1;
				LastSwiftUpdateCheck = 1420;
				LastUpgradeCheck = 1420;
				TargetAttributes = {
					EFFEF08529D9F9EC00B39499 = {
						CreatedOnToolsVersion = 14.2;
					};
				};
			};
			buildConfigurationList = EFFEF08129D9F9EC00B39499 /* Build configuration list for PBXProject "MetalCircle" */;
			compatibilityVersion = "Xcode 14.0";
			developmentRegion = en;
			hasScannedForEncodings = 0;
			knownRegions = (
				en,
				Base,
			);
			mainGroup = EFFEF07D29D9F9EC00B39499;
			productRefGroup = EFFEF08729D9F9EC00B39499 /* Products */;
			projectDirPath = "";
			projectRoot = "";
			targets = (
				EFFEF08529D9F9EC00B39499 /* MetalCircle */,
			);
		};
/* End PBXProject section */

/* Begin PBXResourcesBuildPhase section */
		EFFEF08429D9F9EC00B39499 /* Resources */ = {
			isa = PBXResourcesBuildPhase;
			buildActionMask = 2147483647;
			files = (
				EFFEF09129D9F9ED00B39499 /* Preview Assets.xcassets in Resources */,
				EFFEF08E29D9F9ED00B39499 /* Assets.xcassets in Resources */,
				EFFEF0A229DB891300B39499 /* breath_of_life_by_florence_and_the_machine.mp3 in Resources */,
			);
			runOnlyForDeploymentPostprocessing = 0;
		};
/* End PBXResourcesBuildPhase section */

/* Begin PBXSourcesBuildPhase section */
		EFFEF08229D9F9EC00B39499 /* Sources */ = {
			isa = PBXSourcesBuildPhase;
			buildActionMask = 2147483647;
			files = (
				EFFEF09D29DA175200B39499 /* CircleShaders.metal in Sources */,
				EFFEF09829D9FA2700B39499 /* MetalCircleView.swift in Sources */,
				EFFEF08C29D9F9EC00B39499 /* ContentView.swift in Sources */,
				EFFEF08A29D9F9EC00B39499 /* MetalCircleApp.swift in Sources */,
				EFFEF0A029DB87F800B39499 /* AudioVisualizer.swift in Sources */,
			);
			runOnlyForDeploymentPostprocessing = 0;
		};
/* End PBXSourcesBuildPhase section */

/* Begin XCBuildConfiguration section */
		EFFEF09229D9F9ED00B39499 /* Debug */ = {
			isa = XCBuildConfiguration;
			buildSettings = {
				ALWAYS_SEARCH_USER_PATHS = NO;
				CLANG_ANALYZER_NONNULL = YES;
				CLANG_ANALYZER_NUMBER_OBJECT_CONVERSION = YES_AGGRESSIVE;
				CLANG_CXX_LANGUAGE_STANDARD = "gnu++20";
				CLANG_ENABLE_MODULES = YES;
				CLANG_ENABLE_OBJC_ARC = YES;
				CLANG_ENABLE_OBJC_WEAK = YES;
				CLANG_WARN_BLOCK_CAPTURE_AUTORELEASING = YES;
				CLANG_WARN_BOOL_CONVERSION = YES;
				CLANG_WARN_COMMA = YES;
				CLANG_WARN_CONSTANT_CONVERSION = YES;
				CLANG_WARN_DEPRECATED_OBJC_IMPLEMENTATIONS = YES;
				CLANG_WARN_DIRECT_OBJC_ISA_USAGE = YES_ERROR;
				CLANG_WARN_DOCUMENTATION_COMMENTS = YES;
				CLANG_WARN_EMPTY_BODY = YES;
				CLANG_WARN_ENUM_CONVERSION = YES;
				CLANG_WARN_INFINITE_RECURSION = YES;
				CLANG_WARN_INT_CONVERSION = YES;
				CLANG_WARN_NON_LITERAL_NULL_CONVERSION = YES;
				CLANG_WARN_OBJC_IMPLICIT_RETAIN_SELF = YES;
				CLANG_WARN_OBJC_LITERAL_CONVERSION = YES;
				CLANG_WARN_OBJC_ROOT_CLASS = YES_ERROR;
				CLANG_WARN_QUOTED_INCLUDE_IN_FRAMEWORK_HEADER = YES;
				CLANG_WARN_RANGE_LOOP_ANALYSIS = YES;
				CLANG_WARN_STRICT_PROTOTYPES = YES;
				CLANG_WARN_SUSPICIOUS_MOVE = YES;
				CLANG_WARN_UNGUARDED_AVAILABILITY = YES_AGGRESSIVE;
				CLANG_WARN_UNREACHABLE_CODE = YES;
				CLANG_WARN__DUPLICATE_METHOD_MATCH = YES;
				COPY_PHASE_STRIP = NO;
				DEBUG_INFORMATION_FORMAT = dwarf;
				ENABLE_STRICT_OBJC_MSGSEND = YES;
				ENABLE_TESTABILITY = YES;
				GCC_C_LANGUAGE_STANDARD = gnu11;
				GCC_DYNAMIC_NO_PIC = NO;
				GCC_NO_COMMON_BLOCKS = YES;
				GCC_OPTIMIZATION_LEVEL = 0;
				GCC_PREPROCESSOR_DEFINITIONS = (
					"DEBUG=1",
					"$(inherited)",
				);
				GCC_WARN_64_TO_32_BIT_CONVERSION = YES;
				GCC_WARN_ABOUT_RETURN_TYPE = YES_ERROR;
				GCC_WARN_UNDECLARED_SELECTOR = YES;
				GCC_WARN_UNINITIALIZED_AUTOS = YES_AGGRESSIVE;
				GCC_WARN_UNUSED_FUNCTION = YES;
				GCC_WARN_UNUSED_VARIABLE = YES;
				IPHONEOS_DEPLOYMENT_TARGET = 16.2;
				MTL_ENABLE_DEBUG_INFO = INCLUDE_SOURCE;
				MTL_FAST_MATH = YES;
				ONLY_ACTIVE_ARCH = YES;
				SDKROOT = iphoneos;
				SWIFT_ACTIVE_COMPILATION_CONDITIONS = DEBUG;
				SWIFT_OPTIMIZATION_LEVEL = "-Onone";
			};
			name = Debug;
		};
		EFFEF09329D9F9ED00B39499 /* Release */ = {
			isa = XCBuildConfiguration;
			buildSettings = {
				ALWAYS_SEARCH_USER_PATHS = NO;
				CLANG_ANALYZER_NONNULL = YES;
				CLANG_ANALYZER_NUMBER_OBJECT_CONVERSION = YES_AGGRESSIVE;
				CLANG_CXX_LANGUAGE_STANDARD = "gnu++20";
				CLANG_ENABLE_MODULES = YES;
				CLANG_ENABLE_OBJC_ARC = YES;
				CLANG_ENABLE_OBJC_WEAK = YES;
				CLANG_WARN_BLOCK_CAPTURE_AUTORELEASING = YES;
				CLANG_WARN_BOOL_CONVERSION = YES;
				CLANG_WARN_COMMA = YES;
				CLANG_WARN_CONSTANT_CONVERSION = YES;
				CLANG_WARN_DEPRECATED_OBJC_IMPLEMENTATIONS = YES;
				CLANG_WARN_DIRECT_OBJC_ISA_USAGE = YES_ERROR;
				CLANG_WARN_DOCUMENTATION_COMMENTS = YES;
				CLANG_WARN_EMPTY_BODY = YES;
				CLANG_WARN_ENUM_CONVERSION = YES;
				CLANG_WARN_INFINITE_RECURSION = YES;
				CLANG_WARN_INT_CONVERSION = YES;
				CLANG_WARN_NON_LITERAL_NULL_CONVERSION = YES;
				CLANG_WARN_OBJC_IMPLICIT_RETAIN_SELF = YES;
				CLANG_WARN_OBJC_LITERAL_CONVERSION = YES;
				CLANG_WARN_OBJC_ROOT_CLASS = YES_ERROR;
				CLANG_WARN_QUOTED_INCLUDE_IN_FRAMEWORK_HEADER = YES;
				CLANG_WARN_RANGE_LOOP_ANALYSIS = YES;
				CLANG_WARN_STRICT_PROTOTYPES = YES;
				CLANG_WARN_SUSPICIOUS_MOVE = YES;
				CLANG_WARN_UNGUARDED_AVAILABILITY = YES_AGGRESSIVE;
				CLANG_WARN_UNREACHABLE_CODE = YES;
				CLANG_WARN__DUPLICATE_METHOD_MATCH = YES;
				COPY_PHASE_STRIP = NO;
				DEBUG_INFORMATION_FORMAT = "dwarf-with-dsym";
				ENABLE_NS_ASSERTIONS = NO;
				ENABLE_STRICT_OBJC_MSGSEND = YES;
				GCC_C_LANGUAGE_STANDARD = gnu11;
				GCC_NO_COMMON_BLOCKS = YES;
				GCC_WARN_64_TO_32_BIT_CONVERSION = YES;
				GCC_WARN_ABOUT_RETURN_TYPE = YES_ERROR;
				GCC_WARN_UNDECLARED_SELECTOR = YES;
				GCC_WARN_UNINITIALIZED_AUTOS = YES_AGGRESSIVE;
				GCC_WARN_UNUSED_FUNCTION = YES;
				GCC_WARN_UNUSED_VARIABLE = YES;
				IPHONEOS_DEPLOYMENT_TARGET = 16.2;
				MTL_ENABLE_DEBUG_INFO = NO;
				MTL_FAST_MATH = YES;
				SDKROOT = iphoneos;
				SWIFT_COMPILATION_MODE = wholemodule;
				SWIFT_OPTIMIZATION_LEVEL = "-O";
				VALIDATE_PRODUCT = YES;
			};
			name = Release;
		};
		EFFEF09529D9F9ED00B39499 /* Debug */ = {
			isa = XCBuildConfiguration;
			buildSettings = {
				ASSETCATALOG_COMPILER_APPICON_NAME = AppIcon;
				ASSETCATALOG_COMPILER_GLOBAL_ACCENT_COLOR_NAME = AccentColor;
				CODE_SIGN_STYLE = Automatic;
				CURRENT_PROJECT_VERSION = 1;
				DEVELOPMENT_ASSET_PATHS = "\"MetalCircle/Preview Content\"";
				DEVELOPMENT_TEAM = DLW5NH6NSH;
				ENABLE_PREVIEWS = YES;
				GENERATE_INFOPLIST_FILE = YES;
				INFOPLIST_KEY_UIApplicationSceneManifest_Generation = YES;
				INFOPLIST_KEY_UIApplicationSupportsIndirectInputEvents = YES;
				INFOPLIST_KEY_UILaunchScreen_Generation = YES;
				INFOPLIST_KEY_UISupportedInterfaceOrientations_iPad = "UIInterfaceOrientationPortrait UIInterfaceOrientationPortraitUpsideDown UIInterfaceOrientationLandscapeLeft UIInterfaceOrientationLandscapeRight";
				INFOPLIST_KEY_UISupportedInterfaceOrientations_iPhone = "UIInterfaceOrientationPortrait UIInterfaceOrientationLandscapeLeft UIInterfaceOrientationLandscapeRight";
				LD_RUNPATH_SEARCH_PATHS = (
					"$(inherited)",
					"@executable_path/Frameworks",
				);
				MARKETING_VERSION = 1.0;
				MTL_ENABLE_DEBUG_INFO = INCLUDE_SOURCE;
				PRODUCT_BUNDLE_IDENTIFIER = learningswift.MetalCircle;
				PRODUCT_NAME = "$(TARGET_NAME)";
				SWIFT_EMIT_LOC_STRINGS = YES;
				SWIFT_OBJC_BRIDGING_HEADER = MetalCircle/definitions.h;
				SWIFT_VERSION = 5.0;
				TARGETED_DEVICE_FAMILY = "1,2";
			};
			name = Debug;
		};
		EFFEF09629D9F9ED00B39499 /* Release */ = {
			isa = XCBuildConfiguration;
			buildSettings = {
				ASSETCATALOG_COMPILER_APPICON_NAME = AppIcon;
				ASSETCATALOG_COMPILER_GLOBAL_ACCENT_COLOR_NAME = AccentColor;
				CODE_SIGN_STYLE = Automatic;
				CURRENT_PROJECT_VERSION = 1;
				DEVELOPMENT_ASSET_PATHS = "\"MetalCircle/Preview Content\"";
				DEVELOPMENT_TEAM = DLW5NH6NSH;
				ENABLE_PREVIEWS = YES;
				GENERATE_INFOPLIST_FILE = YES;
				INFOPLIST_KEY_UIApplicationSceneManifest_Generation = YES;
				INFOPLIST_KEY_UIApplicationSupportsIndirectInputEvents = YES;
				INFOPLIST_KEY_UILaunchScreen_Generation = YES;
				INFOPLIST_KEY_UISupportedInterfaceOrientations_iPad = "UIInterfaceOrientationPortrait UIInterfaceOrientationPortraitUpsideDown UIInterfaceOrientationLandscapeLeft UIInterfaceOrientationLandscapeRight";
				INFOPLIST_KEY_UISupportedInterfaceOrientations_iPhone = "UIInterfaceOrientationPortrait UIInterfaceOrientationLandscapeLeft UIInterfaceOrientationLandscapeRight";
				LD_RUNPATH_SEARCH_PATHS = (
					"$(inherited)",
					"@executable_path/Frameworks",
				);
				MARKETING_VERSION = 1.0;
				MTL_ENABLE_DEBUG_INFO = INCLUDE_SOURCE;
				PRODUCT_BUNDLE_IDENTIFIER = learningswift.MetalCircle;
				PRODUCT_NAME = "$(TARGET_NAME)";
				SWIFT_EMIT_LOC_STRINGS = YES;
				SWIFT_OBJC_BRIDGING_HEADER = MetalCircle/definitions.h;
				SWIFT_VERSION = 5.0;
				TARGETED_DEVICE_FAMILY = "1,2";
			};
			name = Release;
		};
/* End XCBuildConfiguration section */

/* Begin XCConfigurationList section */
		EFFEF08129D9F9EC00B39499 /* Build configuration list for PBXProject "MetalCircle" */ = {
			isa = XCConfigurationList;
			buildConfigurations = (
				EFFEF09229D9F9ED00B39499 /* Debug */,
				EFFEF09329D9F9ED00B39499 /* Release */,
			);
			defaultConfigurationIsVisible = 0;
			defaultConfigurationName = Release;
		};
		EFFEF09429D9F9ED00B39499 /* Build configuration list for PBXNativeTarget "MetalCircle" */ = {
			isa = XCConfigurationList;
			buildConfigurations = (
				EFFEF09529D9F9ED00B39499 /* Debug */,
				EFFEF09629D9F9ED00B39499 /* Release */,
			);
			defaultConfigurationIsVisible = 0;
			defaultConfigurationName = Release;
		};
/* End XCConfigurationList section */
	};
	rootObject = EFFEF07E29D9F9EC00B39499 /* Project object */;
}
